// !$*UTF8*$!
{
	archiveVersion = 1;
	classes = {
	};
	objectVersion = 46;
	objects = {

/* Begin PBXBuildFile section */
		4D70D1CD1F01890100F962E3 /* AppDelegate.swift in Sources */ = {isa = PBXBuildFile; fileRef = 4D70D1CC1F01890100F962E3 /* AppDelegate.swift */; };
		4D70D1CF1F01890100F962E3 /* ViewController.swift in Sources */ = {isa = PBXBuildFile; fileRef = 4D70D1CE1F01890100F962E3 /* ViewController.swift */; };
		4D70D1D21F01890100F962E3 /* Main.storyboard in Resources */ = {isa = PBXBuildFile; fileRef = 4D70D1D01F01890100F962E3 /* Main.storyboard */; };
		4D70D1D41F01890100F962E3 /* Assets.xcassets in Resources */ = {isa = PBXBuildFile; fileRef = 4D70D1D31F01890100F962E3 /* Assets.xcassets */; };
		4D70D1D71F01890100F962E3 /* LaunchScreen.storyboard in Resources */ = {isa = PBXBuildFile; fileRef = 4D70D1D51F01890100F962E3 /* LaunchScreen.storyboard */; };
		4D70D1E21F01890100F962E3 /* MessengerTests.swift in Sources */ = {isa = PBXBuildFile; fileRef = 4D70D1E11F01890100F962E3 /* MessengerTests.swift */; };
		4D70D1ED1F01890100F962E3 /* MessengerUITests.swift in Sources */ = {isa = PBXBuildFile; fileRef = 4D70D1EC1F01890100F962E3 /* MessengerUITests.swift */; };
		4D70D1FB1F018A9800F962E3 /* LoginViewController.swift in Sources */ = {isa = PBXBuildFile; fileRef = 4D70D1FA1F018A9800F962E3 /* LoginViewController.swift */; };
		4D70D1FD1F01A0AB00F962E3 /* ChatViewController.swift in Sources */ = {isa = PBXBuildFile; fileRef = 4D70D1FC1F01A0AB00F962E3 /* ChatViewController.swift */; };
		4D70D2011F01A48600F962E3 /* ChatCell.swift in Sources */ = {isa = PBXBuildFile; fileRef = 4D70D2001F01A48600F962E3 /* ChatCell.swift */; };
		8CCB267E9BB722741A129AD6 /* Pods_Messenger.framework in Frameworks */ = {isa = PBXBuildFile; fileRef = 93835EE66A644E8E32185300 /* Pods_Messenger.framework */; };
		F8B2EBAB1AC223926898B37E /* Pods_MessengerUITests.framework in Frameworks */ = {isa = PBXBuildFile; fileRef = 3223C4D102FDF23C54AB2BBA /* Pods_MessengerUITests.framework */; };
		F9F8DCAFC907B83A805844F4 /* Pods_MessengerTests.framework in Frameworks */ = {isa = PBXBuildFile; fileRef = EEA5888C02D94FBAB14C2580 /* Pods_MessengerTests.framework */; };
/* End PBXBuildFile section */

/* Begin PBXContainerItemProxy section */
		4D70D1DE1F01890100F962E3 /* PBXContainerItemProxy */ = {
			isa = PBXContainerItemProxy;
			containerPortal = 4D70D1C11F01890100F962E3 /* Project object */;
			proxyType = 1;
			remoteGlobalIDString = 4D70D1C81F01890100F962E3;
			remoteInfo = Messenger;
		};
		4D70D1E91F01890100F962E3 /* PBXContainerItemProxy */ = {
			isa = PBXContainerItemProxy;
			containerPortal = 4D70D1C11F01890100F962E3 /* Project object */;
			proxyType = 1;
			remoteGlobalIDString = 4D70D1C81F01890100F962E3;
			remoteInfo = Messenger;
		};
/* End PBXContainerItemProxy section */

/* Begin PBXFileReference section */
		131A1516A21ED861A38B7934 /* Pods-MessengerUITests.debug.xcconfig */ = {isa = PBXFileReference; includeInIndex = 1; lastKnownFileType = text.xcconfig; name = "Pods-MessengerUITests.debug.xcconfig"; path = "Pods/Target Support Files/Pods-MessengerUITests/Pods-MessengerUITests.debug.xcconfig"; sourceTree = "<group>"; };
		3223C4D102FDF23C54AB2BBA /* Pods_MessengerUITests.framework */ = {isa = PBXFileReference; explicitFileType = wrapper.framework; includeInIndex = 0; path = Pods_MessengerUITests.framework; sourceTree = BUILT_PRODUCTS_DIR; };
		33BB7DF86257EEF002B47D05 /* Pods-MessengerTests.release.xcconfig */ = {isa = PBXFileReference; includeInIndex = 1; lastKnownFileType = text.xcconfig; name = "Pods-MessengerTests.release.xcconfig"; path = "Pods/Target Support Files/Pods-MessengerTests/Pods-MessengerTests.release.xcconfig"; sourceTree = "<group>"; };
		4D70D1C91F01890100F962E3 /* Messenger.app */ = {isa = PBXFileReference; explicitFileType = wrapper.application; includeInIndex = 0; path = Messenger.app; sourceTree = BUILT_PRODUCTS_DIR; };
		4D70D1CC1F01890100F962E3 /* AppDelegate.swift */ = {isa = PBXFileReference; lastKnownFileType = sourcecode.swift; path = AppDelegate.swift; sourceTree = "<group>"; };
		4D70D1CE1F01890100F962E3 /* ViewController.swift */ = {isa = PBXFileReference; lastKnownFileType = sourcecode.swift; path = ViewController.swift; sourceTree = "<group>"; };
		4D70D1D11F01890100F962E3 /* Base */ = {isa = PBXFileReference; lastKnownFileType = file.storyboard; name = Base; path = Base.lproj/Main.storyboard; sourceTree = "<group>"; };
		4D70D1D31F01890100F962E3 /* Assets.xcassets */ = {isa = PBXFileReference; lastKnownFileType = folder.assetcatalog; path = Assets.xcassets; sourceTree = "<group>"; };
		4D70D1D61F01890100F962E3 /* Base */ = {isa = PBXFileReference; lastKnownFileType = file.storyboard; name = Base; path = Base.lproj/LaunchScreen.storyboard; sourceTree = "<group>"; };
		4D70D1D81F01890100F962E3 /* Info.plist */ = {isa = PBXFileReference; lastKnownFileType = text.plist.xml; path = Info.plist; sourceTree = "<group>"; };
		4D70D1DD1F01890100F962E3 /* MessengerTests.xctest */ = {isa = PBXFileReference; explicitFileType = wrapper.cfbundle; includeInIndex = 0; path = MessengerTests.xctest; sourceTree = BUILT_PRODUCTS_DIR; };
		4D70D1E11F01890100F962E3 /* MessengerTests.swift */ = {isa = PBXFileReference; lastKnownFileType = sourcecode.swift; path = MessengerTests.swift; sourceTree = "<group>"; };
		4D70D1E31F01890100F962E3 /* Info.plist */ = {isa = PBXFileReference; lastKnownFileType = text.plist.xml; path = Info.plist; sourceTree = "<group>"; };
		4D70D1E81F01890100F962E3 /* MessengerUITests.xctest */ = {isa = PBXFileReference; explicitFileType = wrapper.cfbundle; includeInIndex = 0; path = MessengerUITests.xctest; sourceTree = BUILT_PRODUCTS_DIR; };
		4D70D1EC1F01890100F962E3 /* MessengerUITests.swift */ = {isa = PBXFileReference; lastKnownFileType = sourcecode.swift; path = MessengerUITests.swift; sourceTree = "<group>"; };
		4D70D1EE1F01890200F962E3 /* Info.plist */ = {isa = PBXFileReference; lastKnownFileType = text.plist.xml; path = Info.plist; sourceTree = "<group>"; };
		4D70D1FA1F018A9800F962E3 /* LoginViewController.swift */ = {isa = PBXFileReference; fileEncoding = 4; lastKnownFileType = sourcecode.swift; path = LoginViewController.swift; sourceTree = "<group>"; };
		4D70D1FC1F01A0AB00F962E3 /* ChatViewController.swift */ = {isa = PBXFileReference; fileEncoding = 4; lastKnownFileType = sourcecode.swift; path = ChatViewController.swift; sourceTree = "<group>"; };
		4D70D2001F01A48600F962E3 /* ChatCell.swift */ = {isa = PBXFileReference; fileEncoding = 4; lastKnownFileType = sourcecode.swift; path = ChatCell.swift; sourceTree = "<group>"; };
		745C474E8B42E9A34A6F2076 /* Pods-Messenger.debug.xcconfig */ = {isa = PBXFileReference; includeInIndex = 1; lastKnownFileType = text.xcconfig; name = "Pods-Messenger.debug.xcconfig"; path = "Pods/Target Support Files/Pods-Messenger/Pods-Messenger.debug.xcconfig"; sourceTree = "<group>"; };
		81550D8AF74E54DB79AEFEE6 /* Pods-Messenger.release.xcconfig */ = {isa = PBXFileReference; includeInIndex = 1; lastKnownFileType = text.xcconfig; name = "Pods-Messenger.release.xcconfig"; path = "Pods/Target Support Files/Pods-Messenger/Pods-Messenger.release.xcconfig"; sourceTree = "<group>"; };
		93835EE66A644E8E32185300 /* Pods_Messenger.framework */ = {isa = PBXFileReference; explicitFileType = wrapper.framework; includeInIndex = 0; path = Pods_Messenger.framework; sourceTree = BUILT_PRODUCTS_DIR; };
		9E32D194153F3D5EE99E897C /* Pods-MessengerUITests.release.xcconfig */ = {isa = PBXFileReference; includeInIndex = 1; lastKnownFileType = text.xcconfig; name = "Pods-MessengerUITests.release.xcconfig"; path = "Pods/Target Support Files/Pods-MessengerUITests/Pods-MessengerUITests.release.xcconfig"; sourceTree = "<group>"; };
		9FE6120C9582940EFAC000AD /* Pods-MessengerTests.debug.xcconfig */ = {isa = PBXFileReference; includeInIndex = 1; lastKnownFileType = text.xcconfig; name = "Pods-MessengerTests.debug.xcconfig"; path = "Pods/Target Support Files/Pods-MessengerTests/Pods-MessengerTests.debug.xcconfig"; sourceTree = "<group>"; };
		EEA5888C02D94FBAB14C2580 /* Pods_MessengerTests.framework */ = {isa = PBXFileReference; explicitFileType = wrapper.framework; includeInIndex = 0; path = Pods_MessengerTests.framework; sourceTree = BUILT_PRODUCTS_DIR; };
/* End PBXFileReference section */

/* Begin PBXFrameworksBuildPhase section */
		4D70D1C61F01890100F962E3 /* Frameworks */ = {
			isa = PBXFrameworksBuildPhase;
			buildActionMask = 2147483647;
			files = (
				8CCB267E9BB722741A129AD6 /* Pods_Messenger.framework in Frameworks */,
			);
			runOnlyForDeploymentPostprocessing = 0;
		};
		4D70D1DA1F01890100F962E3 /* Frameworks */ = {
			isa = PBXFrameworksBuildPhase;
			buildActionMask = 2147483647;
			files = (
				F9F8DCAFC907B83A805844F4 /* Pods_MessengerTests.framework in Frameworks */,
			);
			runOnlyForDeploymentPostprocessing = 0;
		};
		4D70D1E51F01890100F962E3 /* Frameworks */ = {
			isa = PBXFrameworksBuildPhase;
			buildActionMask = 2147483647;
			files = (
				F8B2EBAB1AC223926898B37E /* Pods_MessengerUITests.framework in Frameworks */,
			);
			runOnlyForDeploymentPostprocessing = 0;
		};
/* End PBXFrameworksBuildPhase section */

/* Begin PBXGroup section */
		0721A1BCF1528FEA2435A278 /* Pods */ = {
			isa = PBXGroup;
			children = (
				745C474E8B42E9A34A6F2076 /* Pods-Messenger.debug.xcconfig */,
				81550D8AF74E54DB79AEFEE6 /* Pods-Messenger.release.xcconfig */,
				9FE6120C9582940EFAC000AD /* Pods-MessengerTests.debug.xcconfig */,
				33BB7DF86257EEF002B47D05 /* Pods-MessengerTests.release.xcconfig */,
				131A1516A21ED861A38B7934 /* Pods-MessengerUITests.debug.xcconfig */,
				9E32D194153F3D5EE99E897C /* Pods-MessengerUITests.release.xcconfig */,
			);
			name = Pods;
			sourceTree = "<group>";
		};
		4D70D1C01F01890100F962E3 = {
			isa = PBXGroup;
			children = (
				4D70D1CB1F01890100F962E3 /* Messenger */,
				4D70D1E01F01890100F962E3 /* MessengerTests */,
				4D70D1EB1F01890100F962E3 /* MessengerUITests */,
				4D70D1CA1F01890100F962E3 /* Products */,
				0721A1BCF1528FEA2435A278 /* Pods */,
				512C238906FA67EAF107E4DF /* Frameworks */,
			);
			sourceTree = "<group>";
		};
		4D70D1CA1F01890100F962E3 /* Products */ = {
			isa = PBXGroup;
			children = (
				4D70D1C91F01890100F962E3 /* Messenger.app */,
				4D70D1DD1F01890100F962E3 /* MessengerTests.xctest */,
				4D70D1E81F01890100F962E3 /* MessengerUITests.xctest */,
			);
			name = Products;
			sourceTree = "<group>";
		};
		4D70D1CB1F01890100F962E3 /* Messenger */ = {
			isa = PBXGroup;
			children = (
				4D70D1CC1F01890100F962E3 /* AppDelegate.swift */,
				4D70D1CE1F01890100F962E3 /* ViewController.swift */,
				4D70D1D01F01890100F962E3 /* Main.storyboard */,
				4D70D1D31F01890100F962E3 /* Assets.xcassets */,
				4D70D1D51F01890100F962E3 /* LaunchScreen.storyboard */,
				4D70D1D81F01890100F962E3 /* Info.plist */,
				4D70D1FA1F018A9800F962E3 /* LoginViewController.swift */,
				4D70D1FC1F01A0AB00F962E3 /* ChatViewController.swift */,
				4D70D2001F01A48600F962E3 /* ChatCell.swift */,
			);
			path = Messenger;
			sourceTree = "<group>";
		};
		4D70D1E01F01890100F962E3 /* MessengerTests */ = {
			isa = PBXGroup;
			children = (
				4D70D1E11F01890100F962E3 /* MessengerTests.swift */,
				4D70D1E31F01890100F962E3 /* Info.plist */,
			);
			path = MessengerTests;
			sourceTree = "<group>";
		};
		4D70D1EB1F01890100F962E3 /* MessengerUITests */ = {
			isa = PBXGroup;
			children = (
				4D70D1EC1F01890100F962E3 /* MessengerUITests.swift */,
				4D70D1EE1F01890200F962E3 /* Info.plist */,
			);
			path = MessengerUITests;
			sourceTree = "<group>";
		};
		512C238906FA67EAF107E4DF /* Frameworks */ = {
			isa = PBXGroup;
			children = (
				93835EE66A644E8E32185300 /* Pods_Messenger.framework */,
				EEA5888C02D94FBAB14C2580 /* Pods_MessengerTests.framework */,
				3223C4D102FDF23C54AB2BBA /* Pods_MessengerUITests.framework */,
			);
			name = Frameworks;
			sourceTree = "<group>";
		};
/* End PBXGroup section */

/* Begin PBXNativeTarget section */
		4D70D1C81F01890100F962E3 /* Messenger */ = {
			isa = PBXNativeTarget;
			buildConfigurationList = 4D70D1F11F01890200F962E3 /* Build configuration list for PBXNativeTarget "Messenger" */;
			buildPhases = (
				9DA8681B9257DD406BEEE565 /* [CP] Check Pods Manifest.lock */,
				4D70D1C51F01890100F962E3 /* Sources */,
				4D70D1C61F01890100F962E3 /* Frameworks */,
				4D70D1C71F01890100F962E3 /* Resources */,
				A275301FD75CD540A7A46AB6 /* [CP] Embed Pods Frameworks */,
				B4C49157504DDDE6DF203819 /* [CP] Copy Pods Resources */,
			);
			buildRules = (
			);
			dependencies = (
			);
			name = Messenger;
			productName = Messenger;
			productReference = 4D70D1C91F01890100F962E3 /* Messenger.app */;
			productType = "com.apple.product-type.application";
		};
		4D70D1DC1F01890100F962E3 /* MessengerTests */ = {
			isa = PBXNativeTarget;
			buildConfigurationList = 4D70D1F41F01890200F962E3 /* Build configuration list for PBXNativeTarget "MessengerTests" */;
			buildPhases = (
				211F702A6F981B179D8820F7 /* [CP] Check Pods Manifest.lock */,
				4D70D1D91F01890100F962E3 /* Sources */,
				4D70D1DA1F01890100F962E3 /* Frameworks */,
				4D70D1DB1F01890100F962E3 /* Resources */,
				B04093A58C614BAB194B567E /* [CP] Embed Pods Frameworks */,
				E861D8514EC3981B3DDBE550 /* [CP] Copy Pods Resources */,
			);
			buildRules = (
			);
			dependencies = (
				4D70D1DF1F01890100F962E3 /* PBXTargetDependency */,
			);
			name = MessengerTests;
			productName = MessengerTests;
			productReference = 4D70D1DD1F01890100F962E3 /* MessengerTests.xctest */;
			productType = "com.apple.product-type.bundle.unit-test";
		};
		4D70D1E71F01890100F962E3 /* MessengerUITests */ = {
			isa = PBXNativeTarget;
			buildConfigurationList = 4D70D1F71F01890200F962E3 /* Build configuration list for PBXNativeTarget "MessengerUITests" */;
			buildPhases = (
				02986910B98ACD748CE2DB16 /* [CP] Check Pods Manifest.lock */,
				4D70D1E41F01890100F962E3 /* Sources */,
				4D70D1E51F01890100F962E3 /* Frameworks */,
				4D70D1E61F01890100F962E3 /* Resources */,
				BDB981CF46CED92815E87D1B /* [CP] Embed Pods Frameworks */,
				83A5B3A2EE553B2FB9ABC2CD /* [CP] Copy Pods Resources */,
			);
			buildRules = (
			);
			dependencies = (
				4D70D1EA1F01890100F962E3 /* PBXTargetDependency */,
			);
			name = MessengerUITests;
			productName = MessengerUITests;
			productReference = 4D70D1E81F01890100F962E3 /* MessengerUITests.xctest */;
			productType = "com.apple.product-type.bundle.ui-testing";
		};
/* End PBXNativeTarget section */

/* Begin PBXProject section */
		4D70D1C11F01890100F962E3 /* Project object */ = {
			isa = PBXProject;
			attributes = {
				LastSwiftUpdateCheck = 0830;
				LastUpgradeCheck = 0830;
				ORGANIZATIONNAME = "Alvin Magee";
				TargetAttributes = {
					4D70D1C81F01890100F962E3 = {
						CreatedOnToolsVersion = 8.3.3;
						ProvisioningStyle = Automatic;
					};
					4D70D1DC1F01890100F962E3 = {
						CreatedOnToolsVersion = 8.3.3;
						ProvisioningStyle = Automatic;
						TestTargetID = 4D70D1C81F01890100F962E3;
					};
					4D70D1E71F01890100F962E3 = {
						CreatedOnToolsVersion = 8.3.3;
						ProvisioningStyle = Automatic;
						TestTargetID = 4D70D1C81F01890100F962E3;
					};
				};
			};
			buildConfigurationList = 4D70D1C41F01890100F962E3 /* Build configuration list for PBXProject "Messenger" */;
			compatibilityVersion = "Xcode 3.2";
			developmentRegion = English;
			hasScannedForEncodings = 0;
			knownRegions = (
				en,
				Base,
			);
			mainGroup = 4D70D1C01F01890100F962E3;
			productRefGroup = 4D70D1CA1F01890100F962E3 /* Products */;
			projectDirPath = "";
			projectRoot = "";
			targets = (
				4D70D1C81F01890100F962E3 /* Messenger */,
				4D70D1DC1F01890100F962E3 /* MessengerTests */,
				4D70D1E71F01890100F962E3 /* MessengerUITests */,
			);
		};
/* End PBXProject section */

/* Begin PBXResourcesBuildPhase section */
		4D70D1C71F01890100F962E3 /* Resources */ = {
			isa = PBXResourcesBuildPhase;
			buildActionMask = 2147483647;
			files = (
				4D70D1D71F01890100F962E3 /* LaunchScreen.storyboard in Resources */,
				4D70D1D41F01890100F962E3 /* Assets.xcassets in Resources */,
				4D70D1D21F01890100F962E3 /* Main.storyboard in Resources */,
			);
			runOnlyForDeploymentPostprocessing = 0;
		};
		4D70D1DB1F01890100F962E3 /* Resources */ = {
			isa = PBXResourcesBuildPhase;
			buildActionMask = 2147483647;
			files = (
			);
			runOnlyForDeploymentPostprocessing = 0;
		};
		4D70D1E61F01890100F962E3 /* Resources */ = {
			isa = PBXResourcesBuildPhase;
			buildActionMask = 2147483647;
			files = (
			);
			runOnlyForDeploymentPostprocessing = 0;
		};
/* End PBXResourcesBuildPhase section */

/* Begin PBXShellScriptBuildPhase section */
		02986910B98ACD748CE2DB16 /* [CP] Check Pods Manifest.lock */ = {
			isa = PBXShellScriptBuildPhase;
			buildActionMask = 2147483647;
			files = (
			);
			inputPaths = (
			);
			name = "[CP] Check Pods Manifest.lock";
			outputPaths = (
			);
			runOnlyForDeploymentPostprocessing = 0;
			shellPath = /bin/sh;
			shellScript = "diff \"${PODS_PODFILE_DIR_PATH}/Podfile.lock\" \"${PODS_ROOT}/Manifest.lock\" > /dev/null\nif [ $? != 0 ] ; then\n    # print error to STDERR\n    echo \"error: The sandbox is not in sync with the Podfile.lock. Run 'pod install' or update your CocoaPods installation.\" >&2\n    exit 1\nfi\n";
			showEnvVarsInLog = 0;
		};
		211F702A6F981B179D8820F7 /* [CP] Check Pods Manifest.lock */ = {
			isa = PBXShellScriptBuildPhase;
			buildActionMask = 2147483647;
			files = (
			);
			inputPaths = (
			);
			name = "[CP] Check Pods Manifest.lock";
			outputPaths = (
			);
			runOnlyForDeploymentPostprocessing = 0;
			shellPath = /bin/sh;
			shellScript = "diff \"${PODS_PODFILE_DIR_PATH}/Podfile.lock\" \"${PODS_ROOT}/Manifest.lock\" > /dev/null\nif [ $? != 0 ] ; then\n    # print error to STDERR\n    echo \"error: The sandbox is not in sync with the Podfile.lock. Run 'pod install' or update your CocoaPods installation.\" >&2\n    exit 1\nfi\n";
			showEnvVarsInLog = 0;
		};
		83A5B3A2EE553B2FB9ABC2CD /* [CP] Copy Pods Resources */ = {
			isa = PBXShellScriptBuildPhase;
			buildActionMask = 2147483647;
			files = (
			);
			inputPaths = (
			);
			name = "[CP] Copy Pods Resources";
			outputPaths = (
			);
			runOnlyForDeploymentPostprocessing = 0;
			shellPath = /bin/sh;
			shellScript = "\"${SRCROOT}/Pods/Target Support Files/Pods-MessengerUITests/Pods-MessengerUITests-resources.sh\"\n";
			showEnvVarsInLog = 0;
		};
		9DA8681B9257DD406BEEE565 /* [CP] Check Pods Manifest.lock */ = {
			isa = PBXShellScriptBuildPhase;
			buildActionMask = 2147483647;
			files = (
			);
			inputPaths = (
			);
			name = "[CP] Check Pods Manifest.lock";
			outputPaths = (
			);
			runOnlyForDeploymentPostprocessing = 0;
			shellPath = /bin/sh;
			shellScript = "diff \"${PODS_PODFILE_DIR_PATH}/Podfile.lock\" \"${PODS_ROOT}/Manifest.lock\" > /dev/null\nif [ $? != 0 ] ; then\n    # print error to STDERR\n    echo \"error: The sandbox is not in sync with the Podfile.lock. Run 'pod install' or update your CocoaPods installation.\" >&2\n    exit 1\nfi\n";
			showEnvVarsInLog = 0;
		};
		A275301FD75CD540A7A46AB6 /* [CP] Embed Pods Frameworks */ = {
			isa = PBXShellScriptBuildPhase;
			buildActionMask = 2147483647;
			files = (
			);
			inputPaths = (
			);
			name = "[CP] Embed Pods Frameworks";
			outputPaths = (
			);
			runOnlyForDeploymentPostprocessing = 0;
			shellPath = /bin/sh;
			shellScript = "\"${SRCROOT}/Pods/Target Support Files/Pods-Messenger/Pods-Messenger-frameworks.sh\"\n";
			showEnvVarsInLog = 0;
		};
		B04093A58C614BAB194B567E /* [CP] Embed Pods Frameworks */ = {
			isa = PBXShellScriptBuildPhase;
			buildActionMask = 2147483647;
			files = (
			);
			inputPaths = (
			);
			name = "[CP] Embed Pods Frameworks";
			outputPaths = (
			);
			runOnlyForDeploymentPostprocessing = 0;
			shellPath = /bin/sh;
			shellScript = "\"${SRCROOT}/Pods/Target Support Files/Pods-MessengerTests/Pods-MessengerTests-frameworks.sh\"\n";
			showEnvVarsInLog = 0;
		};
		B4C49157504DDDE6DF203819 /* [CP] Copy Pods Resources */ = {
			isa = PBXShellScriptBuildPhase;
			buildActionMask = 2147483647;
			files = (
			);
			inputPaths = (
			);
			name = "[CP] Copy Pods Resources";
			outputPaths = (
			);
			runOnlyForDeploymentPostprocessing = 0;
			shellPath = /bin/sh;
			shellScript = "\"${SRCROOT}/Pods/Target Support Files/Pods-Messenger/Pods-Messenger-resources.sh\"\n";
			showEnvVarsInLog = 0;
		};
		BDB981CF46CED92815E87D1B /* [CP] Embed Pods Frameworks */ = {
			isa = PBXShellScriptBuildPhase;
			buildActionMask = 2147483647;
			files = (
			);
			inputPaths = (
			);
			name = "[CP] Embed Pods Frameworks";
			outputPaths = (
			);
			runOnlyForDeploymentPostprocessing = 0;
			shellPath = /bin/sh;
			shellScript = "\"${SRCROOT}/Pods/Target Support Files/Pods-MessengerUITests/Pods-MessengerUITests-frameworks.sh\"\n";
			showEnvVarsInLog = 0;
		};
		E861D8514EC3981B3DDBE550 /* [CP] Copy Pods Resources */ = {
			isa = PBXShellScriptBuildPhase;
			buildActionMask = 2147483647;
			files = (
			);
			inputPaths = (
			);
			name = "[CP] Copy Pods Resources";
			outputPaths = (
			);
			runOnlyForDeploymentPostprocessing = 0;
			shellPath = /bin/sh;
			shellScript = "\"${SRCROOT}/Pods/Target Support Files/Pods-MessengerTests/Pods-MessengerTests-resources.sh\"\n";
			showEnvVarsInLog = 0;
		};
/* End PBXShellScriptBuildPhase section */

/* Begin PBXSourcesBuildPhase section */
		4D70D1C51F01890100F962E3 /* Sources */ = {
			isa = PBXSourcesBuildPhase;
			buildActionMask = 2147483647;
			files = (
				4D70D1FB1F018A9800F962E3 /* LoginViewController.swift in Sources */,
				4D70D1CF1F01890100F962E3 /* ViewController.swift in Sources */,
				4D70D1FD1F01A0AB00F962E3 /* ChatViewController.swift in Sources */,
				4D70D2011F01A48600F962E3 /* ChatCell.swift in Sources */,
				4D70D1CD1F01890100F962E3 /* AppDelegate.swift in Sources */,
			);
			runOnlyForDeploymentPostprocessing = 0;
		};
		4D70D1D91F01890100F962E3 /* Sources */ = {
			isa = PBXSourcesBuildPhase;
			buildActionMask = 2147483647;
			files = (
				4D70D1E21F01890100F962E3 /* MessengerTests.swift in Sources */,
			);
			runOnlyForDeploymentPostprocessing = 0;
		};
		4D70D1E41F01890100F962E3 /* Sources */ = {
			isa = PBXSourcesBuildPhase;
			buildActionMask = 2147483647;
			files = (
				4D70D1ED1F01890100F962E3 /* MessengerUITests.swift in Sources */,
			);
			runOnlyForDeploymentPostprocessing = 0;
		};
/* End PBXSourcesBuildPhase section */

/* Begin PBXTargetDependency section */
		4D70D1DF1F01890100F962E3 /* PBXTargetDependency */ = {
			isa = PBXTargetDependency;
			target = 4D70D1C81F01890100F962E3 /* Messenger */;
			targetProxy = 4D70D1DE1F01890100F962E3 /* PBXContainerItemProxy */;
		};
		4D70D1EA1F01890100F962E3 /* PBXTargetDependency */ = {
			isa = PBXTargetDependency;
			target = 4D70D1C81F01890100F962E3 /* Messenger */;
			targetProxy = 4D70D1E91F01890100F962E3 /* PBXContainerItemProxy */;
		};
/* End PBXTargetDependency section */

/* Begin PBXVariantGroup section */
		4D70D1D01F01890100F962E3 /* Main.storyboard */ = {
			isa = PBXVariantGroup;
			children = (
				4D70D1D11F01890100F962E3 /* Base */,
			);
			name = Main.storyboard;
			sourceTree = "<group>";
		};
		4D70D1D51F01890100F962E3 /* LaunchScreen.storyboard */ = {
			isa = PBXVariantGroup;
			children = (
				4D70D1D61F01890100F962E3 /* Base */,
			);
			name = LaunchScreen.storyboard;
			sourceTree = "<group>";
		};
/* End PBXVariantGroup section */

/* Begin XCBuildConfiguration section */
		4D70D1EF1F01890200F962E3 /* Debug */ = {
			isa = XCBuildConfiguration;
			buildSettings = {
				ALWAYS_SEARCH_USER_PATHS = NO;
				CLANG_ANALYZER_NONNULL = YES;
				CLANG_ANALYZER_NUMBER_OBJECT_CONVERSION = YES_AGGRESSIVE;
				CLANG_CXX_LANGUAGE_STANDARD = "gnu++0x";
				CLANG_CXX_LIBRARY = "libc++";
				CLANG_ENABLE_MODULES = YES;
				CLANG_ENABLE_OBJC_ARC = YES;
				CLANG_WARN_BOOL_CONVERSION = YES;
				CLANG_WARN_CONSTANT_CONVERSION = YES;
				CLANG_WARN_DIRECT_OBJC_ISA_USAGE = YES_ERROR;
				CLANG_WARN_DOCUMENTATION_COMMENTS = YES;
				CLANG_WARN_EMPTY_BODY = YES;
				CLANG_WARN_ENUM_CONVERSION = YES;
				CLANG_WARN_INFINITE_RECURSION = YES;
				CLANG_WARN_INT_CONVERSION = YES;
				CLANG_WARN_OBJC_ROOT_CLASS = YES_ERROR;
				CLANG_WARN_SUSPICIOUS_MOVE = YES;
				CLANG_WARN_UNREACHABLE_CODE = YES;
				CLANG_WARN__DUPLICATE_METHOD_MATCH = YES;
				"CODE_SIGN_IDENTITY[sdk=iphoneos*]" = "iPhone Developer";
				COPY_PHASE_STRIP = NO;
				DEBUG_INFORMATION_FORMAT = dwarf;
				ENABLE_STRICT_OBJC_MSGSEND = YES;
				ENABLE_TESTABILITY = YES;
				GCC_C_LANGUAGE_STANDARD = gnu99;
				GCC_DYNAMIC_NO_PIC = NO;
				GCC_NO_COMMON_BLOCKS = YES;
				GCC_OPTIMIZATION_LEVEL = 0;
				GCC_PREPROCESSOR_DEFINITIONS = (
					"DEBUG=1",
					"$(inherited)",
				);
				GCC_WARN_64_TO_32_BIT_CONVERSION = YES;
				GCC_WARN_ABOUT_RETURN_TYPE = YES_ERROR;
				GCC_WARN_UNDECLARED_SELECTOR = YES;
				GCC_WARN_UNINITIALIZED_AUTOS = YES_AGGRESSIVE;
				GCC_WARN_UNUSED_FUNCTION = YES;
				GCC_WARN_UNUSED_VARIABLE = YES;
				IPHONEOS_DEPLOYMENT_TARGET = 10.3;
				MTL_ENABLE_DEBUG_INFO = YES;
				ONLY_ACTIVE_ARCH = YES;
				SDKROOT = iphoneos;
				SWIFT_ACTIVE_COMPILATION_CONDITIONS = DEBUG;
				SWIFT_OPTIMIZATION_LEVEL = "-Onone";
				TARGETED_DEVICE_FAMILY = "1,2";
			};
			name = Debug;
		};
		4D70D1F01F01890200F962E3 /* Release */ = {
			isa = XCBuildConfiguration;
			buildSettings = {
				ALWAYS_SEARCH_USER_PATHS = NO;
				CLANG_ANALYZER_NONNULL = YES;
				CLANG_ANALYZER_NUMBER_OBJECT_CONVERSION = YES_AGGRESSIVE;
				CLANG_CXX_LANGUAGE_STANDARD = "gnu++0x";
				CLANG_CXX_LIBRARY = "libc++";
				CLANG_ENABLE_MODULES = YES;
				CLANG_ENABLE_OBJC_ARC = YES;
				CLANG_WARN_BOOL_CONVERSION = YES;
				CLANG_WARN_CONSTANT_CONVERSION = YES;
				CLANG_WARN_DIRECT_OBJC_ISA_USAGE = YES_ERROR;
				CLANG_WARN_DOCUMENTATION_COMMENTS = YES;
				CLANG_WARN_EMPTY_BODY = YES;
				CLANG_WARN_ENUM_CONVERSION = YES;
				CLANG_WARN_INFINITE_RECURSION = YES;
				CLANG_WARN_INT_CONVERSION = YES;
				CLANG_WARN_OBJC_ROOT_CLASS = YES_ERROR;
				CLANG_WARN_SUSPICIOUS_MOVE = YES;
				CLANG_WARN_UNREACHABLE_CODE = YES;
				CLANG_WARN__DUPLICATE_METHOD_MATCH = YES;
				"CODE_SIGN_IDENTITY[sdk=iphoneos*]" = "iPhone Developer";
				COPY_PHASE_STRIP = NO;
				DEBUG_INFORMATION_FORMAT = "dwarf-with-dsym";
				ENABLE_NS_ASSERTIONS = NO;
				ENABLE_STRICT_OBJC_MSGSEND = YES;
				GCC_C_LANGUAGE_STANDARD = gnu99;
				GCC_NO_COMMON_BLOCKS = YES;
				GCC_WARN_64_TO_32_BIT_CONVERSION = YES;
				GCC_WARN_ABOUT_RETURN_TYPE = YES_ERROR;
				GCC_WARN_UNDECLARED_SELECTOR = YES;
				GCC_WARN_UNINITIALIZED_AUTOS = YES_AGGRESSIVE;
				GCC_WARN_UNUSED_FUNCTION = YES;
				GCC_WARN_UNUSED_VARIABLE = YES;
				IPHONEOS_DEPLOYMENT_TARGET = 10.3;
				MTL_ENABLE_DEBUG_INFO = NO;
				SDKROOT = iphoneos;
				SWIFT_OPTIMIZATION_LEVEL = "-Owholemodule";
				TARGETED_DEVICE_FAMILY = "1,2";
				VALIDATE_PRODUCT = YES;
			};
			name = Release;
		};
		4D70D1F21F01890200F962E3 /* Debug */ = {
			isa = XCBuildConfiguration;
			baseConfigurationReference = 745C474E8B42E9A34A6F2076 /* Pods-Messenger.debug.xcconfig */;
			buildSettings = {
				ASSETCATALOG_COMPILER_APPICON_NAME = AppIcon;
				INFOPLIST_FILE = Messenger/Info.plist;
				LD_RUNPATH_SEARCH_PATHS = "$(inherited) @executable_path/Frameworks";
				PRODUCT_BUNDLE_IDENTIFIER = com.alvin.Messenger;
				PRODUCT_NAME = "$(TARGET_NAME)";
				SWIFT_VERSION = 3.0;
			};
			name = Debug;
		};
		4D70D1F31F01890200F962E3 /* Release */ = {
			isa = XCBuildConfiguration;
			baseConfigurationReference = 81550D8AF74E54DB79AEFEE6 /* Pods-Messenger.release.xcconfig */;
			buildSettings = {
				ASSETCATALOG_COMPILER_APPICON_NAME = AppIcon;
				INFOPLIST_FILE = Messenger/Info.plist;
				LD_RUNPATH_SEARCH_PATHS = "$(inherited) @executable_path/Frameworks";
				PRODUCT_BUNDLE_IDENTIFIER = com.alvin.Messenger;
				PRODUCT_NAME = "$(TARGET_NAME)";
				SWIFT_VERSION = 3.0;
			};
			name = Release;
		};
		4D70D1F51F01890200F962E3 /* Debug */ = {
			isa = XCBuildConfiguration;
			baseConfigurationReference = 9FE6120C9582940EFAC000AD /* Pods-MessengerTests.debug.xcconfig */;
			buildSettings = {
				ALWAYS_EMBED_SWIFT_STANDARD_LIBRARIES = YES;
				BUNDLE_LOADER = "$(TEST_HOST)";
				INFOPLIST_FILE = MessengerTests/Info.plist;
				LD_RUNPATH_SEARCH_PATHS = "$(inherited) @executable_path/Frameworks @loader_path/Frameworks";
				PRODUCT_BUNDLE_IDENTIFIER = com.alvin.MessengerTests;
				PRODUCT_NAME = "$(TARGET_NAME)";
				SWIFT_VERSION = 3.0;
				TEST_HOST = "$(BUILT_PRODUCTS_DIR)/Messenger.app/Messenger";
			};
			name = Debug;
		};
		4D70D1F61F01890200F962E3 /* Release */ = {
			isa = XCBuildConfiguration;
			baseConfigurationReference = 33BB7DF86257EEF002B47D05 /* Pods-MessengerTests.release.xcconfig */;
			buildSettings = {
				ALWAYS_EMBED_SWIFT_STANDARD_LIBRARIES = YES;
				BUNDLE_LOADER = "$(TEST_HOST)";
				INFOPLIST_FILE = MessengerTests/Info.plist;
				LD_RUNPATH_SEARCH_PATHS = "$(inherited) @executable_path/Frameworks @loader_path/Frameworks";
				PRODUCT_BUNDLE_IDENTIFIER = com.alvin.MessengerTests;
				PRODUCT_NAME = "$(TARGET_NAME)";
				SWIFT_VERSION = 3.0;
				TEST_HOST = "$(BUILT_PRODUCTS_DIR)/Messenger.app/Messenger";
			};
			name = Release;
		};
		4D70D1F81F01890200F962E3 /* Debug */ = {
			isa = XCBuildConfiguration;
			baseConfigurationReference = 131A1516A21ED861A38B7934 /* Pods-MessengerUITests.debug.xcconfig */;
			buildSettings = {
				ALWAYS_EMBED_SWIFT_STANDARD_LIBRARIES = YES;
				INFOPLIST_FILE = MessengerUITests/Info.plist;
				LD_RUNPATH_SEARCH_PATHS = "$(inherited) @executable_path/Frameworks @loader_path/Frameworks";
				PRODUCT_BUNDLE_IDENTIFIER = com.alvin.MessengerUITests;
				PRODUCT_NAME = "$(TARGET_NAME)";
				SWIFT_VERSION = 3.0;
				TEST_TARGET_NAME = Messenger;
			};
			name = Debug;
		};
		4D70D1F91F01890200F962E3 /* Release */ = {
			isa = XCBuildConfiguration;
			baseConfigurationReference = 9E32D194153F3D5EE99E897C /* Pods-MessengerUITests.release.xcconfig */;
			buildSettings = {
				ALWAYS_EMBED_SWIFT_STANDARD_LIBRARIES = YES;
				INFOPLIST_FILE = MessengerUITests/Info.plist;
				LD_RUNPATH_SEARCH_PATHS = "$(inherited) @executable_path/Frameworks @loader_path/Frameworks";
				PRODUCT_BUNDLE_IDENTIFIER = com.alvin.MessengerUITests;
				PRODUCT_NAME = "$(TARGET_NAME)";
				SWIFT_VERSION = 3.0;
				TEST_TARGET_NAME = Messenger;
			};
			name = Release;
		};
/* End XCBuildConfiguration section */

/* Begin XCConfigurationList section */
		4D70D1C41F01890100F962E3 /* Build configuration list for PBXProject "Messenger" */ = {
			isa = XCConfigurationList;
			buildConfigurations = (
				4D70D1EF1F01890200F962E3 /* Debug */,
				4D70D1F01F01890200F962E3 /* Release */,
			);
			defaultConfigurationIsVisible = 0;
			defaultConfigurationName = Release;
		};
		4D70D1F11F01890200F962E3 /* Build configuration list for PBXNativeTarget "Messenger" */ = {
			isa = XCConfigurationList;
			buildConfigurations = (
				4D70D1F21F01890200F962E3 /* Debug */,
				4D70D1F31F01890200F962E3 /* Release */,
			);
			defaultConfigurationIsVisible = 0;
			defaultConfigurationName = Release;
		};
		4D70D1F41F01890200F962E3 /* Build configuration list for PBXNativeTarget "MessengerTests" */ = {
			isa = XCConfigurationList;
			buildConfigurations = (
				4D70D1F51F01890200F962E3 /* Debug */,
				4D70D1F61F01890200F962E3 /* Release */,
			);
			defaultConfigurationIsVisible = 0;
			defaultConfigurationName = Release;
		};
		4D70D1F71F01890200F962E3 /* Build configuration list for PBXNativeTarget "MessengerUITests" */ = {
			isa = XCConfigurationList;
			buildConfigurations = (
				4D70D1F81F01890200F962E3 /* Debug */,
				4D70D1F91F01890200F962E3 /* Release */,
			);
			defaultConfigurationIsVisible = 0;
			defaultConfigurationName = Release;
		};
/* End XCConfigurationList section */
	};
	rootObject = 4D70D1C11F01890100F962E3 /* Project object */;
}
